
Microsoft Visual Studio Solution File, Format Version 12.00
# Visual Studio Version 17
VisualStudioVersion = 17.3.32819.101
MinimumVisualStudioVersion = 10.0.40219.1
Project("{FAE04EC0-301F-11D3-BF4B-00C04F79EFBC}") = "Uppgift bmi", "Uppgift bmi.csproj", "{9286A8B1-AB4C-4F93-8D06-11E1AFBFC70F}"
EndProject
Global
	GlobalSection(SolutionConfigurationPlatforms) = preSolution
		Debug|Any CPU = Debug|Any CPU
		Release|Any CPU = Release|Any CPU
	EndGlobalSection
	GlobalSection(ProjectConfigurationPlatforms) = postSolution
		{9286A8B1-AB4C-4F93-8D06-11E1AFBFC70F}.Debug|Any CPU.ActiveCfg = Debug|Any CPU
		{9286A8B1-AB4C-4F93-8D06-11E1AFBFC70F}.Debug|Any CPU.Build.0 = Debug|Any CPU
		{9286A8B1-AB4C-4F93-8D06-11E1AFBFC70F}.Release|Any CPU.ActiveCfg = Release|Any CPU
		{9286A8B1-AB4C-4F93-8D06-11E1AFBFC70F}.Release|Any CPU.Build.0 = Release|Any CPU
	EndGlobalSection
	GlobalSection(SolutionProperties) = preSolution
		HideSolutionNode = FALSE
	EndGlobalSection
	GlobalSection(ExtensibilityGlobals) = postSolution
		SolutionGuid = {E8400419-C568-4428-BAA6-7CDB3858D20B}
	EndGlobalSection
EndGlobal
